
Microsoft Visual Studio Solution File, Format Version 12.00
# Visual Studio Version 16
VisualStudioVersion = 16.0.32428.217
MinimumVisualStudioVersion = 10.0.40219.1
Project("{FAE04EC0-301F-11D3-BF4B-00C04F79EFBC}") = "GameRecordApplication_v3", "GameRecordApplication_v3\GameRecordApplication_v3.csproj", "{646C15B3-CE63-43A1-ACD3-D0729F0032B5}"
EndProject
Project("{FAE04EC0-301F-11D3-BF4B-00C04F79EFBC}") = "GameRecordApplication_v3.Tests", "GameRecordApplication_v3.Tests\GameRecordApplication_v3.Tests.csproj", "{902F70B6-9999-4992-9728-56C14E8D833E}"
EndProject
Global
	GlobalSection(SolutionConfigurationPlatforms) = preSolution
		Debug|Any CPU = Debug|Any CPU
		Release|Any CPU = Release|Any CPU
	EndGlobalSection
	GlobalSection(ProjectConfigurationPlatforms) = postSolution
		{646C15B3-CE63-43A1-ACD3-D0729F0032B5}.Debug|Any CPU.ActiveCfg = Debug|Any CPU
		{646C15B3-CE63-43A1-ACD3-D0729F0032B5}.Debug|Any CPU.Build.0 = Debug|Any CPU
		{646C15B3-CE63-43A1-ACD3-D0729F0032B5}.Release|Any CPU.ActiveCfg = Release|Any CPU
		{646C15B3-CE63-43A1-ACD3-D0729F0032B5}.Release|Any CPU.Build.0 = Release|Any CPU
		{902F70B6-9999-4992-9728-56C14E8D833E}.Debug|Any CPU.ActiveCfg = Debug|Any CPU
		{902F70B6-9999-4992-9728-56C14E8D833E}.Debug|Any CPU.Build.0 = Debug|Any CPU
		{902F70B6-9999-4992-9728-56C14E8D833E}.Release|Any CPU.ActiveCfg = Release|Any CPU
		{902F70B6-9999-4992-9728-56C14E8D833E}.Release|Any CPU.Build.0 = Release|Any CPU
	EndGlobalSection
	GlobalSection(SolutionProperties) = preSolution
		HideSolutionNode = FALSE
	EndGlobalSection
	GlobalSection(ExtensibilityGlobals) = postSolution
		SolutionGuid = {B56CE7CD-FBCF-4851-BF06-DADD22BBAABA}
	EndGlobalSection
EndGlobal
